{
  "requires": true,
  "lockfileVersion": 1,
  "dependencies": {
    "expo-init": {
      "version": "0.0.0",
      "resolved": "https://registry.npmjs.org/expo-init/-/expo-init-0.0.0.tgz",
      "integrity": "sha512-Pb0DYKo3NOIiSXDEJ14LNPZFD+L7UoRkzwsrhPVEf7QbFdho2w5TJoVQvIjDYWqRZVytii/jHfp5rPNgFHfiog=="
    }
  }
}
